
Microsoft Visual Studio Solution File, Format Version 12.00
# Visual Studio 15
VisualStudioVersion = 15.0.28307.271
MinimumVisualStudioVersion = 10.0.40219.1
Project("{FAE04EC0-301F-11D3-BF4B-00C04F79EFBC}") = "Test_Zadatak", "Test_Zadatak\Test_Zadatak.csproj", "{80DFD88C-DCD3-45DB-BFC9-5B08ABFF22CE}"
EndProject
Global
	GlobalSection(SolutionConfigurationPlatforms) = preSolution
		Debug|Any CPU = Debug|Any CPU
		Release|Any CPU = Release|Any CPU
	EndGlobalSection
	GlobalSection(ProjectConfigurationPlatforms) = postSolution
		{80DFD88C-DCD3-45DB-BFC9-5B08ABFF22CE}.Debug|Any CPU.ActiveCfg = Debug|Any CPU
		{80DFD88C-DCD3-45DB-BFC9-5B08ABFF22CE}.Debug|Any CPU.Build.0 = Debug|Any CPU
		{80DFD88C-DCD3-45DB-BFC9-5B08ABFF22CE}.Release|Any CPU.ActiveCfg = Release|Any CPU
		{80DFD88C-DCD3-45DB-BFC9-5B08ABFF22CE}.Release|Any CPU.Build.0 = Release|Any CPU
	EndGlobalSection
	GlobalSection(SolutionProperties) = preSolution
		HideSolutionNode = FALSE
	EndGlobalSection
	GlobalSection(ExtensibilityGlobals) = postSolution
		SolutionGuid = {89880639-8247-4933-A80A-FB6B0B59E10C}
	EndGlobalSection
EndGlobal
